// !$*UTF8*$!
{
	archiveVersion = 1;
	classes = {
	};
	objectVersion = 56;
	objects = {

/* Begin PBXBuildFile section */
		AA000001 /* SpeakApp.swift */ = {isa = PBXBuildFile; fileRef = AA100001 /* SpeakApp.swift */; };
		AA000002 /* ContentView.swift */ = {isa = PBXBuildFile; fileRef = AA100002 /* ContentView.swift */; };
		AA000003 /* PresentationSequence.swift */ = {isa = PBXBuildFile; fileRef = AA100003 /* PresentationSequence.swift */; };
		AA000004 /* PresentationViewModel.swift */ = {isa = PBXBuildFile; fileRef = AA100004 /* PresentationViewModel.swift */; };
		AA000005 /* PDFPageView.swift */ = {isa = PBXBuildFile; fileRef = AA100005 /* PDFPageView.swift */; };
		AA000006 /* VideoSlideView.swift */ = {isa = PBXBuildFile; fileRef = AA100006 /* VideoSlideView.swift */; };
		AA000007 /* SlideStageView.swift */ = {isa = PBXBuildFile; fileRef = AA100007 /* SlideStageView.swift */; };
		AA000008 /* SetupView.swift */ = {isa = PBXBuildFile; fileRef = AA100008 /* SetupView.swift */; };
		AA000009 /* DrawingViewModel.swift */ = {isa = PBXBuildFile; fileRef = AA100009 /* DrawingViewModel.swift */; };
		AA000010 /* DrawingOverlayView.swift */ = {isa = PBXBuildFile; fileRef = AA100010 /* DrawingOverlayView.swift */; };
		AA000011 /* DrawingToolPanel.swift */ = {isa = PBXBuildFile; fileRef = AA100011 /* DrawingToolPanel.swift */; };
		AA000012 /* Plan.swift */ = {isa = PBXBuildFile; fileRef = AA100012 /* Plan.swift */; };
		AA000013 /* PlanExecutor.swift */ = {isa = PBXBuildFile; fileRef = AA100013 /* PlanExecutor.swift */; };
		AA000014 /* AppState.swift */ = {isa = PBXBuildFile; fileRef = AA100014 /* AppState.swift */; };
		AA000015 /* Extensions.swift */ = {isa = PBXBuildFile; fileRef = AA100015 /* Extensions.swift */; };
		AA000016 /* ImageSlideView.swift */ = {isa = PBXBuildFile; fileRef = AA100016 /* ImageSlideView.swift */; };
		AA000017 /* WorkspaceView.swift */ = {isa = PBXBuildFile; fileRef = AA100017 /* WorkspaceView.swift */; };
		AA000018 /* SourcePanelView.swift */ = {isa = PBXBuildFile; fileRef = AA100018 /* SourcePanelView.swift */; };
		AA000019 /* PlanPanelView.swift */ = {isa = PBXBuildFile; fileRef = AA100019 /* PlanPanelView.swift */; };
		AA000020 /* ActionEditorSheet.swift */ = {isa = PBXBuildFile; fileRef = AA100020 /* ActionEditorSheet.swift */; };
		AARES0001 /* Info.plist */ = {isa = PBXBuildFile; fileRef = AARES0002 /* Info.plist */; };
/* End PBXBuildFile section */

/* Begin PBXFileReference section */
		AA100001 /* SpeakApp.swift */ = {isa = PBXFileReference; lastKnownFileType = sourcecode.swift; name = SpeakApp.swift; path = Sources/SpeakApp.swift; sourceTree = "<group>"; };
		AA100002 /* ContentView.swift */ = {isa = PBXFileReference; lastKnownFileType = sourcecode.swift; name = ContentView.swift; path = Sources/ContentView.swift; sourceTree = "<group>"; };
		AA100003 /* PresentationSequence.swift */ = {isa = PBXFileReference; lastKnownFileType = sourcecode.swift; name = PresentationSequence.swift; path = Sources/PresentationSequence.swift; sourceTree = "<group>"; };
		AA100004 /* PresentationViewModel.swift */ = {isa = PBXFileReference; lastKnownFileType = sourcecode.swift; name = PresentationViewModel.swift; path = Sources/PresentationViewModel.swift; sourceTree = "<group>"; };
		AA100005 /* PDFPageView.swift */ = {isa = PBXFileReference; lastKnownFileType = sourcecode.swift; name = PDFPageView.swift; path = Sources/PDFPageView.swift; sourceTree = "<group>"; };
		AA100006 /* VideoSlideView.swift */ = {isa = PBXFileReference; lastKnownFileType = sourcecode.swift; name = VideoSlideView.swift; path = Sources/VideoSlideView.swift; sourceTree = "<group>"; };
		AA100007 /* SlideStageView.swift */ = {isa = PBXFileReference; lastKnownFileType = sourcecode.swift; name = SlideStageView.swift; path = Sources/SlideStageView.swift; sourceTree = "<group>"; };
		AA100008 /* SetupView.swift */ = {isa = PBXFileReference; lastKnownFileType = sourcecode.swift; name = SetupView.swift; path = Sources/SetupView.swift; sourceTree = "<group>"; };
		AA100009 /* DrawingViewModel.swift */ = {isa = PBXFileReference; lastKnownFileType = sourcecode.swift; name = DrawingViewModel.swift; path = Sources/DrawingViewModel.swift; sourceTree = "<group>"; };
		AA100010 /* DrawingOverlayView.swift */ = {isa = PBXFileReference; lastKnownFileType = sourcecode.swift; name = DrawingOverlayView.swift; path = Sources/DrawingOverlayView.swift; sourceTree = "<group>"; };
		AA100011 /* DrawingToolPanel.swift */ = {isa = PBXFileReference; lastKnownFileType = sourcecode.swift; name = DrawingToolPanel.swift; path = Sources/DrawingToolPanel.swift; sourceTree = "<group>"; };
		AA100012 /* Plan.swift */ = {isa = PBXFileReference; lastKnownFileType = sourcecode.swift; name = Plan.swift; path = Sources/Plan.swift; sourceTree = "<group>"; };
		AA100013 /* PlanExecutor.swift */ = {isa = PBXFileReference; lastKnownFileType = sourcecode.swift; name = PlanExecutor.swift; path = Sources/PlanExecutor.swift; sourceTree = "<group>"; };
		AA100014 /* AppState.swift */ = {isa = PBXFileReference; lastKnownFileType = sourcecode.swift; name = AppState.swift; path = Sources/AppState.swift; sourceTree = "<group>"; };
		AA100015 /* Extensions.swift */ = {isa = PBXFileReference; lastKnownFileType = sourcecode.swift; name = Extensions.swift; path = Sources/Extensions.swift; sourceTree = "<group>"; };
		AA100016 /* ImageSlideView.swift */ = {isa = PBXFileReference; lastKnownFileType = sourcecode.swift; name = ImageSlideView.swift; path = Sources/ImageSlideView.swift; sourceTree = "<group>"; };
		AA100017 /* WorkspaceView.swift */ = {isa = PBXFileReference; lastKnownFileType = sourcecode.swift; name = WorkspaceView.swift; path = Sources/WorkspaceView.swift; sourceTree = "<group>"; };
		AA100018 /* SourcePanelView.swift */ = {isa = PBXFileReference; lastKnownFileType = sourcecode.swift; name = SourcePanelView.swift; path = Sources/SourcePanelView.swift; sourceTree = "<group>"; };
		AA100019 /* PlanPanelView.swift */ = {isa = PBXFileReference; lastKnownFileType = sourcecode.swift; name = PlanPanelView.swift; path = Sources/PlanPanelView.swift; sourceTree = "<group>"; };
		AA100020 /* ActionEditorSheet.swift */ = {isa = PBXFileReference; lastKnownFileType = sourcecode.swift; name = ActionEditorSheet.swift; path = Sources/ActionEditorSheet.swift; sourceTree = "<group>"; };
		AARES0002 /* Info.plist */ = {isa = PBXFileReference; lastKnownFileType = text.plist.xml; name = Info.plist; path = Speak/Info.plist; sourceTree = SOURCE_ROOT; };
		AAPROD001 /* Speak.app */ = {isa = PBXFileReference; explicitFileType = wrapper.application; includeInIndex = 0; path = Speak.app; sourceTree = BUILT_PRODUCTS_DIR; };
/* End PBXFileReference section */

/* Begin PBXFrameworksBuildPhase section */
		AABP0001 /* Frameworks */ = {
			isa = PBXFrameworksBuildPhase;
			buildActionMask = 2147483647;
			files = ();
			runOnlyForDeploymentPostprocessing = 0;
		};
/* End PBXFrameworksBuildPhase section */

/* Begin PBXGroup section */
		AAGRP0000 /* root */ = {
			isa = PBXGroup;
			children = (
				AAGRP0001 /* Speak */,
				AAGRP0002 /* Products */,
			);
			sourceTree = "<group>";
		};
		AAGRP0001 /* Speak */ = {
			isa = PBXGroup;
			children = (
				AA100001 /* SpeakApp.swift */,
				AA100002 /* ContentView.swift */,
				AA100003 /* PresentationSequence.swift */,
				AA100004 /* PresentationViewModel.swift */,
				AA100005 /* PDFPageView.swift */,
				AA100006 /* VideoSlideView.swift */,
				AA100007 /* SlideStageView.swift */,
				AA100008 /* SetupView.swift */,
				AA100009 /* DrawingViewModel.swift */,
				AA100010 /* DrawingOverlayView.swift */,
				AA100011 /* DrawingToolPanel.swift */,
				AA100012 /* Plan.swift */,
				AA100013 /* PlanExecutor.swift */,
				AA100014 /* AppState.swift */,
				AA100015 /* Extensions.swift */,
				AA100016 /* ImageSlideView.swift */,
				AA100017 /* WorkspaceView.swift */,
				AA100018 /* SourcePanelView.swift */,
				AA100019 /* PlanPanelView.swift */,
				AA100020 /* ActionEditorSheet.swift */,
				AARES0002 /* Info.plist */,
			);
			path = Speak;
			sourceTree = "<group>";
		};
		AAGRP0002 /* Products */ = {
			isa = PBXGroup;
			children = (
				AAPROD001 /* Speak.app */,
			);
			name = Products;
			sourceTree = "<group>";
		};
/* End PBXGroup section */

/* Begin PBXNativeTarget section */
		AATGT0001 /* Speak */ = {
			isa = PBXNativeTarget;
			buildConfigurationList = AACFGL001 /* Build configuration list for PBXNativeTarget "Speak" */;
			buildPhases = (
				AABP0000 /* Sources */,
				AABP0001 /* Frameworks */,
				AABP0002 /* Resources */,
			);
			buildRules = ();
			dependencies = ();
			name = Speak;
			productName = Speak;
			productReference = AAPROD001 /* Speak.app */;
			productType = "com.apple.product-type.application";
		};
/* End PBXNativeTarget section */

/* Begin PBXProject section */
		AAPROJ001 /* Project object */ = {
			isa = PBXProject;
			attributes = {
				BuildIndependentTargetsInParallel = 1;
				LastSwiftUpdateCheck = 1500;
				LastUpgradeCheck = 1500;
				TargetAttributes = {
					AATGT0001 = {
						CreatedOnToolsVersion = 15.0;
					};
				};
			};
			buildConfigurationList = AACFGP001 /* Build configuration list for PBXProject "Speak" */;
			compatibilityVersion = "Xcode 14.0";
			developmentRegion = en;
			hasScannedForEncodings = 0;
			knownRegions = (en, Base);
			mainGroup = AAGRP0000;
			productRefGroup = AAGRP0002 /* Products */;
			projectDirPath = "";
			projectRoot = "";
			targets = (AATGT0001 /* Speak */);
		};
/* End PBXProject section */

/* Begin PBXResourcesBuildPhase section */
		AABP0002 /* Resources */ = {
			isa = PBXResourcesBuildPhase;
			buildActionMask = 2147483647;
			files = (
			);
			runOnlyForDeploymentPostprocessing = 0;
		};
/* End PBXResourcesBuildPhase section */

/* Begin PBXSourcesBuildPhase section */
		AABP0000 /* Sources */ = {
			isa = PBXSourcesBuildPhase;
			buildActionMask = 2147483647;
			files = (
				AA000001 /* SpeakApp.swift */,
				AA000002 /* ContentView.swift */,
				AA000003 /* PresentationSequence.swift */,
				AA000004 /* PresentationViewModel.swift */,
				AA000005 /* PDFPageView.swift */,
				AA000006 /* VideoSlideView.swift */,
				AA000007 /* SlideStageView.swift */,
				AA000008 /* SetupView.swift */,
				AA000009 /* DrawingViewModel.swift */,
				AA000010 /* DrawingOverlayView.swift */,
				AA000011 /* DrawingToolPanel.swift */,
				AA000012 /* Plan.swift */,
				AA000013 /* PlanExecutor.swift */,
				AA000014 /* AppState.swift */,
				AA000015 /* Extensions.swift */,
				AA000016 /* ImageSlideView.swift */,
				AA000017 /* WorkspaceView.swift */,
				AA000018 /* SourcePanelView.swift */,
				AA000019 /* PlanPanelView.swift */,
				AA000020 /* ActionEditorSheet.swift */,
			);
			runOnlyForDeploymentPostprocessing = 0;
		};
/* End PBXSourcesBuildPhase section */

/* Begin XCBuildConfiguration section */
		AACFG0001 /* Debug */ = {
			isa = XCBuildConfiguration;
			buildSettings = {
				ALWAYS_SEARCH_USER_PATHS = NO;
				ASSETCATALOG_COMPILER_GENERATE_SWIFT_ASSET_SYMBOL_EXTENSIONS = YES;
				CLANG_ANALYZER_NONNULL = YES;
				CLANG_ANALYZER_NUMBER_OBJECT_CONVERSION = YES_AGGRESSIVE;
				CLANG_CXX_LANGUAGE_STANDARD = "gnu++20";
				CLANG_ENABLE_MODULES = YES;
				CLANG_ENABLE_OBJC_ARC = YES;
				CLANG_ENABLE_OBJC_WEAK = YES;
				CLANG_WARN_BLOCK_CAPTURE_AUTORELEASING = YES;
				CLANG_WARN_BOOL_CONVERSION = YES;
				CLANG_WARN_COMMA = YES;
				CLANG_WARN_CONSTANT_CONVERSION = YES;
				CLANG_WARN_DEPRECATED_OBJC_IMPLEMENTATIONS = YES;
				CLANG_WARN_DIRECT_OBJC_ISA_USAGE = YES_ERROR;
				CLANG_WARN_DOCUMENTATION_COMMENTS = YES;
				CLANG_WARN_EMPTY_BODY = YES;
				CLANG_WARN_ENUM_CONVERSION = YES;
				CLANG_WARN_INFINITE_LOOPS = YES;
				CLANG_WARN_INT_CONVERSION = YES;
				CLANG_WARN_NON_LITERAL_NULL_CONVERSION = YES;
				CLANG_WARN_OBJC_IMPLICIT_RETAIN_CYCLE = YES;
				CLANG_WARN_OBJC_LITERAL_CONVERSION = YES;
				CLANG_WARN_OBJC_ROOT_CLASS = YES_ERROR;
				CLANG_WARN_QUOTED_INCLUDE_IN_FRAMEWORK_HEADER = YES;
				CLANG_WARN_RANGE_LOOP_ANALYSIS = YES;
				CLANG_WARN_STRICT_PROTOTYPES = YES;
				CLANG_WARN_SUSPICIOUS_MOVE = YES;
				CLANG_WARN_UNGUARDED_AVAILABILITY = YES_AGGRESSIVE;
				CLANG_WARN_UNREACHABLE_CODE = YES;
				CLANG_WARN__DUPLICATE_METHOD_MATCH = YES;
				COPY_PHASE_STRIP = NO;
				DEBUG_INFORMATION_FORMAT = dwarf;
				ENABLE_STRICT_OBJC_MSGSEND = YES;
				ENABLE_TESTABILITY = YES;
				ENABLE_USER_SCRIPT_SANDBOXING = YES;
				GCC_C_LANGUAGE_STANDARD = gnu17;
				GCC_DYNAMIC_NO_PIC = NO;
				GCC_NO_COMMON_BLOCKS = YES;
				GCC_OPTIMIZATION_LEVEL = 0;
				GCC_PREPROCESSOR_DEFINITIONS = ("DEBUG=1", "$(inherited)");
				GCC_WARN_64_TO_32_BIT_CONVERSION = YES;
				GCC_WARN_ABOUT_RETURN_TYPE = YES_ERROR;
				GCC_WARN_UNDECLARED_SELECTOR = YES;
				GCC_WARN_UNINITIALIZED_AUTOS = YES_AGGRESSIVE;
				GCC_WARN_UNUSED_FUNCTION = YES;
				GCC_WARN_UNUSED_VARIABLE = YES;
				MACOSX_DEPLOYMENT_TARGET = 14.0;
				MTL_ENABLE_DEBUG_INFO = INCLUDE_SOURCE;
				MTL_FAST_MATH = YES;
				ONLY_ACTIVE_ARCH = YES;
				SDKROOT = macosx;
				SWIFT_ACTIVE_COMPILATION_CONDITIONS = "DEBUG $(inherited)";
				SWIFT_OPTIMIZATION_LEVEL = "-Onone";
			};
			name = Debug;
		};
		AACFG0002 /* Release */ = {
			isa = XCBuildConfiguration;
			buildSettings = {
				ALWAYS_SEARCH_USER_PATHS = NO;
				ASSETCATALOG_COMPILER_GENERATE_SWIFT_ASSET_SYMBOL_EXTENSIONS = YES;
				CLANG_ANALYZER_NONNULL = YES;
				CLANG_CXX_LANGUAGE_STANDARD = "gnu++20";
				CLANG_ENABLE_MODULES = YES;
				CLANG_ENABLE_OBJC_ARC = YES;
				CLANG_ENABLE_OBJC_WEAK = YES;
				ENABLE_NS_ASSERTIONS = NO;
				ENABLE_STRICT_OBJC_MSGSEND = YES;
				ENABLE_USER_SCRIPT_SANDBOXING = YES;
				GCC_C_LANGUAGE_STANDARD = gnu17;
				GCC_NO_COMMON_BLOCKS = YES;
				GCC_WARN_64_TO_32_BIT_CONVERSION = YES;
				GCC_WARN_ABOUT_RETURN_TYPE = YES_ERROR;
				GCC_WARN_UNDECLARED_SELECTOR = YES;
				GCC_WARN_UNINITIALIZED_AUTOS = YES_AGGRESSIVE;
				GCC_WARN_UNUSED_FUNCTION = YES;
				GCC_WARN_UNUSED_VARIABLE = YES;
				MACOSX_DEPLOYMENT_TARGET = 14.0;
				MTL_FAST_MATH = YES;
				SDKROOT = macosx;
				SWIFT_COMPILATION_MODE = wholemodule;
				SWIFT_OPTIMIZATION_LEVEL = "-O";
			};
			name = Release;
		};
		AACFG0003 /* Debug - App Target */ = {
			isa = XCBuildConfiguration;
			buildSettings = {
				ASSETCATALOG_COMPILER_APPICON_NAME = AppIcon;
				ASSETCATALOG_COMPILER_GLOBAL_ACCENT_COLOR_NAME = AccentColor;
				CODE_SIGN_ENTITLEMENTS = Speak/Speak.entitlements;
				CODE_SIGN_STYLE = Automatic;
				COMBINE_HIDPI_IMAGES = YES;
				CURRENT_PROJECT_VERSION = 1;
				DEVELOPMENT_ASSET_PATHS = "";
				ENABLE_PREVIEWS = YES;
				GENERATE_INFOPLIST_FILE = NO;
				INFOPLIST_FILE = Speak/Info.plist;
				LD_RUNPATH_SEARCH_PATHS = ("$(inherited)", "@executable_path/../Frameworks");
				MACOSX_DEPLOYMENT_TARGET = 14.0;
				MARKETING_VERSION = 1.0;
				PRODUCT_BUNDLE_IDENTIFIER = com.local.Speak;
				PRODUCT_NAME = "$(TARGET_NAME)";
				SWIFT_EMIT_LOC_STRINGS = YES;
				SWIFT_VERSION = 5.0;
				TARGETED_DEVICE_FAMILY = 1;
			};
			name = Debug;
		};
		AACFG0004 /* Release - App Target */ = {
			isa = XCBuildConfiguration;
			buildSettings = {
				ASSETCATALOG_COMPILER_APPICON_NAME = AppIcon;
				ASSETCATALOG_COMPILER_GLOBAL_ACCENT_COLOR_NAME = AccentColor;
				CODE_SIGN_ENTITLEMENTS = Speak/Speak.entitlements;
				CODE_SIGN_STYLE = Automatic;
				COMBINE_HIDPI_IMAGES = YES;
				CURRENT_PROJECT_VERSION = 1;
				DEVELOPMENT_ASSET_PATHS = "";
				ENABLE_PREVIEWS = YES;
				GENERATE_INFOPLIST_FILE = NO;
				INFOPLIST_FILE = Speak/Info.plist;
				LD_RUNPATH_SEARCH_PATHS = ("$(inherited)", "@executable_path/../Frameworks");
				MACOSX_DEPLOYMENT_TARGET = 14.0;
				MARKETING_VERSION = 1.0;
				PRODUCT_BUNDLE_IDENTIFIER = com.local.Speak;
				PRODUCT_NAME = "$(TARGET_NAME)";
				SWIFT_EMIT_LOC_STRINGS = YES;
				SWIFT_VERSION = 5.0;
				TARGETED_DEVICE_FAMILY = 1;
			};
			name = Release;
		};
/* End XCBuildConfiguration section */

/* Begin XCConfigurationList section */
		AACFGP001 /* Build configuration list for PBXProject "Speak" */ = {
			isa = XCConfigurationList;
			buildConfigurations = (AACFG0001 /* Debug */, AACFG0002 /* Release */);
			defaultConfigurationIsVisible = 0;
			defaultConfigurationName = Release;
		};
		AACFGL001 /* Build configuration list for PBXNativeTarget "Speak" */ = {
			isa = XCConfigurationList;
			buildConfigurations = (AACFG0003 /* Debug */, AACFG0004 /* Release */);
			defaultConfigurationIsVisible = 0;
			defaultConfigurationName = Release;
		};
/* End XCConfigurationList section */

	};
	rootObject = AAPROJ001 /* Project object */;
}
